
Microsoft Visual Studio Solution File, Format Version 12.00
# Visual Studio Version 16
VisualStudioVersion = 16.0.29920.165
MinimumVisualStudioVersion = 10.0.40219.1
Project("{FAE04EC0-301F-11D3-BF4B-00C04F79EFBC}") = "Shop_online", "Shop online\Shop_online.csproj", "{86E80DE0-1234-40FB-B703-EC88305104CC}"
EndProject
Global
	GlobalSection(SolutionConfigurationPlatforms) = preSolution
		Debug|Any CPU = Debug|Any CPU
		Release|Any CPU = Release|Any CPU
	EndGlobalSection
	GlobalSection(ProjectConfigurationPlatforms) = postSolution
		{86E80DE0-1234-40FB-B703-EC88305104CC}.Debug|Any CPU.ActiveCfg = Debug|Any CPU
		{86E80DE0-1234-40FB-B703-EC88305104CC}.Debug|Any CPU.Build.0 = Debug|Any CPU
		{86E80DE0-1234-40FB-B703-EC88305104CC}.Release|Any CPU.ActiveCfg = Release|Any CPU
		{86E80DE0-1234-40FB-B703-EC88305104CC}.Release|Any CPU.Build.0 = Release|Any CPU
	EndGlobalSection
	GlobalSection(SolutionProperties) = preSolution
		HideSolutionNode = FALSE
	EndGlobalSection
	GlobalSection(ExtensibilityGlobals) = postSolution
		SolutionGuid = {D0AFEFD1-F56E-4253-A73D-B93A538AD3A9}
	EndGlobalSection
EndGlobal
